
Microsoft Visual Studio Solution File, Format Version 12.00
# Visual Studio Version 17
VisualStudioVersion = 17.8.34525.116
MinimumVisualStudioVersion = 10.0.40219.1
Project("{9A19103F-16F7-4668-BE54-9A1E7A4F7556}") = "BL", "BL\BL.csproj", "{D0258E14-DD3F-409B-8776-47CACB8AB28F}"
EndProject
Project("{9A19103F-16F7-4668-BE54-9A1E7A4F7556}") = "Almeshkat_Online_Schools", "Almeshkat_Online_Schools\Almeshkat_Online_Schools.csproj", "{90399036-D3D0-463F-8957-86AD5225AA33}"
EndProject
Project("{9A19103F-16F7-4668-BE54-9A1E7A4F7556}") = "Domains", "Domains\Domains.csproj", "{4EEE4350-FD84-45E0-8A50-4DAF17F0F146}"
EndProject
Global
	GlobalSection(SolutionConfigurationPlatforms) = preSolution
		Debug|Any CPU = Debug|Any CPU
		Release|Any CPU = Release|Any CPU
	EndGlobalSection
	GlobalSection(ProjectConfigurationPlatforms) = postSolution
		{D0258E14-DD3F-409B-8776-47CACB8AB28F}.Debug|Any CPU.ActiveCfg = Debug|Any CPU
		{D0258E14-DD3F-409B-8776-47CACB8AB28F}.Debug|Any CPU.Build.0 = Debug|Any CPU
		{D0258E14-DD3F-409B-8776-47CACB8AB28F}.Release|Any CPU.ActiveCfg = Release|Any CPU
		{D0258E14-DD3F-409B-8776-47CACB8AB28F}.Release|Any CPU.Build.0 = Release|Any CPU
		{90399036-D3D0-463F-8957-86AD5225AA33}.Debug|Any CPU.ActiveCfg = Debug|Any CPU
		{90399036-D3D0-463F-8957-86AD5225AA33}.Debug|Any CPU.Build.0 = Debug|Any CPU
		{90399036-D3D0-463F-8957-86AD5225AA33}.Release|Any CPU.ActiveCfg = Release|Any CPU
		{90399036-D3D0-463F-8957-86AD5225AA33}.Release|Any CPU.Build.0 = Release|Any CPU
		{4EEE4350-FD84-45E0-8A50-4DAF17F0F146}.Debug|Any CPU.ActiveCfg = Debug|Any CPU
		{4EEE4350-FD84-45E0-8A50-4DAF17F0F146}.Debug|Any CPU.Build.0 = Debug|Any CPU
		{4EEE4350-FD84-45E0-8A50-4DAF17F0F146}.Release|Any CPU.ActiveCfg = Release|Any CPU
		{4EEE4350-FD84-45E0-8A50-4DAF17F0F146}.Release|Any CPU.Build.0 = Release|Any CPU
	EndGlobalSection
	GlobalSection(SolutionProperties) = preSolution
		HideSolutionNode = FALSE
	EndGlobalSection
	GlobalSection(ExtensibilityGlobals) = postSolution
		SolutionGuid = {BE9C52A6-DE10-4B9A-BE8B-1A1FC3CCBB20}
	EndGlobalSection
EndGlobal
